
Microsoft Visual Studio Solution File, Format Version 12.00
# Visual Studio Version 17
VisualStudioVersion = 17.5.33424.131
MinimumVisualStudioVersion = 10.0.40219.1
Project("{FAE04EC0-301F-11D3-BF4B-00C04F79EFBC}") = "webappterraform", "webappterraform\webappterraform.csproj", "{1DB1B95F-B784-41D9-8561-E438E09D160A}"
EndProject
Global
	GlobalSection(SolutionConfigurationPlatforms) = preSolution
		Debug|Any CPU = Debug|Any CPU
		Release|Any CPU = Release|Any CPU
	EndGlobalSection
	GlobalSection(ProjectConfigurationPlatforms) = postSolution
		{1DB1B95F-B784-41D9-8561-E438E09D160A}.Debug|Any CPU.ActiveCfg = Debug|Any CPU
		{1DB1B95F-B784-41D9-8561-E438E09D160A}.Debug|Any CPU.Build.0 = Debug|Any CPU
		{1DB1B95F-B784-41D9-8561-E438E09D160A}.Release|Any CPU.ActiveCfg = Release|Any CPU
		{1DB1B95F-B784-41D9-8561-E438E09D160A}.Release|Any CPU.Build.0 = Release|Any CPU
	EndGlobalSection
	GlobalSection(SolutionProperties) = preSolution
		HideSolutionNode = FALSE
	EndGlobalSection
	GlobalSection(ExtensibilityGlobals) = postSolution
		SolutionGuid = {C2E52D14-C88B-4D6C-8AAD-069006432226}
	EndGlobalSection
EndGlobal
